{
  "requires": true,
  "lockfileVersion": 1,
  "dependencies": {
    "cm-chessboard": {
      "version": "3.16.8",
      "resolved": "https://registry.npmjs.org/cm-chessboard/-/cm-chessboard-3.16.8.tgz",
      "integrity": "sha512-PJMxZzZrKG2+9LJ/StUrXtl+t15gmgdAZIUY/73Rc8gCKBtEO8i4+8FX8wlpMu5eGT9cJFQqTvmoijpKPpTQ/g=="
    }
  },
}
